
Microsoft Visual Studio Solution File, Format Version 12.00
# Visual Studio Version 16
VisualStudioVersion = 16.0.32413.511
MinimumVisualStudioVersion = 10.0.40219.1
Project("{8BC9CEB8-8B4A-11D0-8D11-00A0C91BC942}") = "Ch04_03", "Ch04_03\Ch04_03.vcxproj", "{C57EC31B-94B3-41A2-B090-D190493D6269}"
EndProject
Global
	GlobalSection(SolutionConfigurationPlatforms) = preSolution
		Debug|x64 = Debug|x64
		Release|x64 = Release|x64
	EndGlobalSection
	GlobalSection(ProjectConfigurationPlatforms) = postSolution
		{C57EC31B-94B3-41A2-B090-D190493D6269}.Debug|x64.ActiveCfg = Debug|x64
		{C57EC31B-94B3-41A2-B090-D190493D6269}.Debug|x64.Build.0 = Debug|x64
		{C57EC31B-94B3-41A2-B090-D190493D6269}.Release|x64.ActiveCfg = Release|x64
		{C57EC31B-94B3-41A2-B090-D190493D6269}.Release|x64.Build.0 = Release|x64
	EndGlobalSection
	GlobalSection(SolutionProperties) = preSolution
		HideSolutionNode = FALSE
	EndGlobalSection
	GlobalSection(ExtensibilityGlobals) = postSolution
		SolutionGuid = {9BFA2F63-95DD-4903-A008-4C0C55E9D588}
	EndGlobalSection
EndGlobal
